
Microsoft Visual Studio Solution File, Format Version 12.00
# Visual Studio Version 17
VisualStudioVersion = 17.5.002.0
MinimumVisualStudioVersion = 10.0.40219.1
Project("{9A19103F-16F7-4668-BE54-9A1E7A4F7556}") = "oml", "omlsharp\oml.csproj", "{C2047D76-51B0-4663-BE83-D0D9E9F5B43D}"
EndProject
Global
	GlobalSection(SolutionConfigurationPlatforms) = preSolution
		Debug|Any CPU = Debug|Any CPU
		Release|Any CPU = Release|Any CPU
	EndGlobalSection
	GlobalSection(ProjectConfigurationPlatforms) = postSolution
		{C2047D76-51B0-4663-BE83-D0D9E9F5B43D}.Debug|Any CPU.ActiveCfg = Debug|Any CPU
		{C2047D76-51B0-4663-BE83-D0D9E9F5B43D}.Debug|Any CPU.Build.0 = Debug|Any CPU
		{C2047D76-51B0-4663-BE83-D0D9E9F5B43D}.Release|Any CPU.ActiveCfg = Release|Any CPU
		{C2047D76-51B0-4663-BE83-D0D9E9F5B43D}.Release|Any CPU.Build.0 = Release|Any CPU
	EndGlobalSection
	GlobalSection(SolutionProperties) = preSolution
		HideSolutionNode = FALSE
	EndGlobalSection
	GlobalSection(ExtensibilityGlobals) = postSolution
		SolutionGuid = {67A4A0CF-E629-4378-AD3D-9DB7FC376C2B}
	EndGlobalSection
EndGlobal
